
Microsoft Visual Studio Solution File, Format Version 12.00
# Visual Studio Version 17
VisualStudioVersion = 17.4.33213.308
MinimumVisualStudioVersion = 10.0.40219.1
Project("{FAE04EC0-301F-11D3-BF4B-00C04F79EFBC}") = "Lesson5.2", "Lesson5.2\Lesson5.2.csproj", "{503DCCCA-F7AB-4155-8F81-20EA814829D2}"
EndProject
Global
	GlobalSection(SolutionConfigurationPlatforms) = preSolution
		Debug|Any CPU = Debug|Any CPU
		Release|Any CPU = Release|Any CPU
	EndGlobalSection
	GlobalSection(ProjectConfigurationPlatforms) = postSolution
		{503DCCCA-F7AB-4155-8F81-20EA814829D2}.Debug|Any CPU.ActiveCfg = Debug|Any CPU
		{503DCCCA-F7AB-4155-8F81-20EA814829D2}.Debug|Any CPU.Build.0 = Debug|Any CPU
		{503DCCCA-F7AB-4155-8F81-20EA814829D2}.Release|Any CPU.ActiveCfg = Release|Any CPU
		{503DCCCA-F7AB-4155-8F81-20EA814829D2}.Release|Any CPU.Build.0 = Release|Any CPU
	EndGlobalSection
	GlobalSection(SolutionProperties) = preSolution
		HideSolutionNode = FALSE
	EndGlobalSection
	GlobalSection(ExtensibilityGlobals) = postSolution
		SolutionGuid = {2FCB125B-F225-45A4-BADA-48AF87C1749A}
	EndGlobalSection
EndGlobal
